
Microsoft Visual Studio Solution File, Format Version 12.00
# Visual Studio Version 17
VisualStudioVersion = 17.9.34728.123
MinimumVisualStudioVersion = 10.0.40219.1
Project("{FAE04EC0-301F-11D3-BF4B-00C04F79EFBC}") = "BulkyWeb", "BulkyWeb\BulkyWeb.csproj", "{CFDEF7ED-9E9E-4EDE-BFA6-132BA80F8C93}"
EndProject
Global
	GlobalSection(SolutionConfigurationPlatforms) = preSolution
		Debug|Any CPU = Debug|Any CPU
		Release|Any CPU = Release|Any CPU
	EndGlobalSection
	GlobalSection(ProjectConfigurationPlatforms) = postSolution
		{CFDEF7ED-9E9E-4EDE-BFA6-132BA80F8C93}.Debug|Any CPU.ActiveCfg = Debug|Any CPU
		{CFDEF7ED-9E9E-4EDE-BFA6-132BA80F8C93}.Debug|Any CPU.Build.0 = Debug|Any CPU
		{CFDEF7ED-9E9E-4EDE-BFA6-132BA80F8C93}.Release|Any CPU.ActiveCfg = Release|Any CPU
		{CFDEF7ED-9E9E-4EDE-BFA6-132BA80F8C93}.Release|Any CPU.Build.0 = Release|Any CPU
	EndGlobalSection
	GlobalSection(SolutionProperties) = preSolution
		HideSolutionNode = FALSE
	EndGlobalSection
	GlobalSection(ExtensibilityGlobals) = postSolution
		SolutionGuid = {078A9A54-3338-4204-82A3-86E403D8462C}
	EndGlobalSection
EndGlobal
